
Microsoft Visual Studio Solution File, Format Version 12.00
Project("{FAE04EC0-301F-11D3-BF4B-00C04F79EFBC}") = "BasicSchema", "BasicSchema\BasicSchema.csproj", "{BB066D06-C6C0-442E-A490-38562BB59882}"
EndProject
Global
	GlobalSection(SolutionConfigurationPlatforms) = preSolution
		Debug|Any CPU = Debug|Any CPU
		Release|Any CPU = Release|Any CPU
	EndGlobalSection
	GlobalSection(ProjectConfigurationPlatforms) = postSolution
		{BB066D06-C6C0-442E-A490-38562BB59882}.Debug|Any CPU.ActiveCfg = Debug|Any CPU
		{BB066D06-C6C0-442E-A490-38562BB59882}.Debug|Any CPU.Build.0 = Debug|Any CPU
		{BB066D06-C6C0-442E-A490-38562BB59882}.Release|Any CPU.ActiveCfg = Release|Any CPU
		{BB066D06-C6C0-442E-A490-38562BB59882}.Release|Any CPU.Build.0 = Release|Any CPU
	EndGlobalSection
EndGlobal
